
Microsoft Visual Studio Solution File, Format Version 12.00
# Visual Studio Version 17
VisualStudioVersion = 17.8.34004.107
MinimumVisualStudioVersion = 10.0.40219.1
Project("{9A19103F-16F7-4668-BE54-9A1E7A4F7556}") = "WebApp_UnderHood", "WebApp_UnderHood\WebApp_UnderHood.csproj", "{CACF7E66-ED95-4910-9ECC-0117B066EE08}"
EndProject
Global
	GlobalSection(SolutionConfigurationPlatforms) = preSolution
		Debug|Any CPU = Debug|Any CPU
		Release|Any CPU = Release|Any CPU
	EndGlobalSection
	GlobalSection(ProjectConfigurationPlatforms) = postSolution
		{CACF7E66-ED95-4910-9ECC-0117B066EE08}.Debug|Any CPU.ActiveCfg = Debug|Any CPU
		{CACF7E66-ED95-4910-9ECC-0117B066EE08}.Debug|Any CPU.Build.0 = Debug|Any CPU
		{CACF7E66-ED95-4910-9ECC-0117B066EE08}.Release|Any CPU.ActiveCfg = Release|Any CPU
		{CACF7E66-ED95-4910-9ECC-0117B066EE08}.Release|Any CPU.Build.0 = Release|Any CPU
	EndGlobalSection
	GlobalSection(SolutionProperties) = preSolution
		HideSolutionNode = FALSE
	EndGlobalSection
	GlobalSection(ExtensibilityGlobals) = postSolution
		SolutionGuid = {393C3A0B-0B93-44D2-BD3B-B19568FEB6DD}
	EndGlobalSection
EndGlobal
