
Microsoft Visual Studio Solution File, Format Version 12.00
# Visual Studio Version 17
VisualStudioVersion = 17.8.34004.107
MinimumVisualStudioVersion = 10.0.40219.1
Project("{FAE04EC0-301F-11D3-BF4B-00C04F79EFBC}") = "myWebApi", "myWebApi\myWebApi.csproj", "{07205F87-AFEB-401B-8763-F719BE477754}"
EndProject
Global
	GlobalSection(SolutionConfigurationPlatforms) = preSolution
		Debug|Any CPU = Debug|Any CPU
		Release|Any CPU = Release|Any CPU
	EndGlobalSection
	GlobalSection(ProjectConfigurationPlatforms) = postSolution
		{07205F87-AFEB-401B-8763-F719BE477754}.Debug|Any CPU.ActiveCfg = Debug|Any CPU
		{07205F87-AFEB-401B-8763-F719BE477754}.Debug|Any CPU.Build.0 = Debug|Any CPU
		{07205F87-AFEB-401B-8763-F719BE477754}.Release|Any CPU.ActiveCfg = Release|Any CPU
		{07205F87-AFEB-401B-8763-F719BE477754}.Release|Any CPU.Build.0 = Release|Any CPU
	EndGlobalSection
	GlobalSection(SolutionProperties) = preSolution
		HideSolutionNode = FALSE
	EndGlobalSection
	GlobalSection(ExtensibilityGlobals) = postSolution
		SolutionGuid = {8ADC6F0C-28F8-49FB-8312-020A04574C02}
	EndGlobalSection
EndGlobal
