
Microsoft Visual Studio Solution File, Format Version 12.00
# Visual Studio Version 17
VisualStudioVersion = 17.8.34004.107
MinimumVisualStudioVersion = 10.0.40219.1
Project("{FAE04EC0-301F-11D3-BF4B-00C04F79EFBC}") = "waifuGenerator", "waifuGenerator\waifuGenerator.csproj", "{32B2480C-9B0A-41CF-86D6-C677E92CF265}"
EndProject
Global
	GlobalSection(SolutionConfigurationPlatforms) = preSolution
		Debug|Any CPU = Debug|Any CPU
		Release|Any CPU = Release|Any CPU
	EndGlobalSection
	GlobalSection(ProjectConfigurationPlatforms) = postSolution
		{32B2480C-9B0A-41CF-86D6-C677E92CF265}.Debug|Any CPU.ActiveCfg = Debug|Any CPU
		{32B2480C-9B0A-41CF-86D6-C677E92CF265}.Debug|Any CPU.Build.0 = Debug|Any CPU
		{32B2480C-9B0A-41CF-86D6-C677E92CF265}.Release|Any CPU.ActiveCfg = Release|Any CPU
		{32B2480C-9B0A-41CF-86D6-C677E92CF265}.Release|Any CPU.Build.0 = Release|Any CPU
	EndGlobalSection
	GlobalSection(SolutionProperties) = preSolution
		HideSolutionNode = FALSE
	EndGlobalSection
	GlobalSection(ExtensibilityGlobals) = postSolution
		SolutionGuid = {051A1D01-39DA-4D2B-93A4-E4D0B822C94B}
	EndGlobalSection
EndGlobal
