
Microsoft Visual Studio Solution File, Format Version 12.00
# Visual Studio Version 17
VisualStudioVersion = 17.8.34004.107
MinimumVisualStudioVersion = 10.0.40219.1
Project("{9A19103F-16F7-4668-BE54-9A1E7A4F7556}") = "testAppN1", "testAppN1\testAppN1.csproj", "{F441FBAE-6726-46F4-A114-D230B291BE1B}"
EndProject
Project("{FAE04EC0-301F-11D3-BF4B-00C04F79EFBC}") = "testAppN2", "testAppN2\testAppN2.csproj", "{88338803-F41F-4131-8086-990976C18DBA}"
EndProject
Global
	GlobalSection(SolutionConfigurationPlatforms) = preSolution
		Debug|Any CPU = Debug|Any CPU
		Release|Any CPU = Release|Any CPU
	EndGlobalSection
	GlobalSection(ProjectConfigurationPlatforms) = postSolution
		{F441FBAE-6726-46F4-A114-D230B291BE1B}.Debug|Any CPU.ActiveCfg = Debug|Any CPU
		{F441FBAE-6726-46F4-A114-D230B291BE1B}.Debug|Any CPU.Build.0 = Debug|Any CPU
		{F441FBAE-6726-46F4-A114-D230B291BE1B}.Release|Any CPU.ActiveCfg = Release|Any CPU
		{F441FBAE-6726-46F4-A114-D230B291BE1B}.Release|Any CPU.Build.0 = Release|Any CPU
		{88338803-F41F-4131-8086-990976C18DBA}.Debug|Any CPU.ActiveCfg = Debug|Any CPU
		{88338803-F41F-4131-8086-990976C18DBA}.Debug|Any CPU.Build.0 = Debug|Any CPU
		{88338803-F41F-4131-8086-990976C18DBA}.Release|Any CPU.ActiveCfg = Release|Any CPU
		{88338803-F41F-4131-8086-990976C18DBA}.Release|Any CPU.Build.0 = Release|Any CPU
	EndGlobalSection
	GlobalSection(SolutionProperties) = preSolution
		HideSolutionNode = FALSE
	EndGlobalSection
	GlobalSection(ExtensibilityGlobals) = postSolution
		SolutionGuid = {DF7879A9-6AEB-41D8-B269-E191B415ACCE}
	EndGlobalSection
EndGlobal
